
Microsoft Visual Studio Solution File, Format Version 12.00
# Visual Studio Version 16
VisualStudioVersion = 16.0.29424.173
MinimumVisualStudioVersion = 10.0.40219.1
Project("{9A19103F-16F7-4668-BE54-9A1E7A4F7556}") = "Opsi.ComingSoon.UI.Server", "Opsi.ComingSoon.UI.Server\Opsi.ComingSoon.UI.Server.csproj", "{3896BDF6-085F-4742-85AE-77A774C7F04E}"
EndProject
Project("{9A19103F-16F7-4668-BE54-9A1E7A4F7556}") = "Opsi.ComingSoon.Core", "Opsi.ComingSoon.Core\Opsi.ComingSoon.Core.csproj", "{ADDFBF39-5EBE-476C-A8D7-D0E46B81CA27}"
EndProject
Project("{9A19103F-16F7-4668-BE54-9A1E7A4F7556}") = "Opsi.ComingSoon.UI", "Opsi.ComingSoon.UI\Opsi.ComingSoon.UI.csproj", "{2A9F475D-0774-4BE8-871A-F762BD6E94D9}"
EndProject
Project("{2150E333-8FDC-42A3-9474-1A3956D46DE8}") = "Solution Items", "Solution Items", "{7E931B44-45A3-4D52-A862-E88C4413CF11}"
	ProjectSection(SolutionItems) = preProject
		.gitignore = .gitignore
		angular.json = angular.json
		package.json = package.json
	EndProjectSection
EndProject
Project("{9A19103F-16F7-4668-BE54-9A1E7A4F7556}") = "Opsi.ComingSoon.Data", "Opsi.ComingSoon.Data\Opsi.ComingSoon.Data.csproj", "{6D027106-895E-423A-A87B-D333A4B6C807}"
EndProject
Project("{9A19103F-16F7-4668-BE54-9A1E7A4F7556}") = "Opsi.ComingSoon.IO", "Opsi.ComingSoon.IO\Opsi.ComingSoon.IO.csproj", "{D61803E3-96C0-4826-98D1-682B70517D89}"
EndProject
Global
	GlobalSection(SolutionConfigurationPlatforms) = preSolution
		Debug|Any CPU = Debug|Any CPU
		Release|Any CPU = Release|Any CPU
	EndGlobalSection
	GlobalSection(ProjectConfigurationPlatforms) = postSolution
		{3896BDF6-085F-4742-85AE-77A774C7F04E}.Debug|Any CPU.ActiveCfg = Debug|Any CPU
		{3896BDF6-085F-4742-85AE-77A774C7F04E}.Debug|Any CPU.Build.0 = Debug|Any CPU
		{3896BDF6-085F-4742-85AE-77A774C7F04E}.Release|Any CPU.ActiveCfg = Release|Any CPU
		{3896BDF6-085F-4742-85AE-77A774C7F04E}.Release|Any CPU.Build.0 = Release|Any CPU
		{ADDFBF39-5EBE-476C-A8D7-D0E46B81CA27}.Debug|Any CPU.ActiveCfg = Debug|Any CPU
		{ADDFBF39-5EBE-476C-A8D7-D0E46B81CA27}.Debug|Any CPU.Build.0 = Debug|Any CPU
		{ADDFBF39-5EBE-476C-A8D7-D0E46B81CA27}.Release|Any CPU.ActiveCfg = Release|Any CPU
		{ADDFBF39-5EBE-476C-A8D7-D0E46B81CA27}.Release|Any CPU.Build.0 = Release|Any CPU
		{2A9F475D-0774-4BE8-871A-F762BD6E94D9}.Debug|Any CPU.ActiveCfg = Debug|Any CPU
		{2A9F475D-0774-4BE8-871A-F762BD6E94D9}.Release|Any CPU.ActiveCfg = Release|Any CPU
		{6D027106-895E-423A-A87B-D333A4B6C807}.Debug|Any CPU.ActiveCfg = Debug|Any CPU
		{6D027106-895E-423A-A87B-D333A4B6C807}.Debug|Any CPU.Build.0 = Debug|Any CPU
		{6D027106-895E-423A-A87B-D333A4B6C807}.Release|Any CPU.ActiveCfg = Release|Any CPU
		{6D027106-895E-423A-A87B-D333A4B6C807}.Release|Any CPU.Build.0 = Release|Any CPU
		{D61803E3-96C0-4826-98D1-682B70517D89}.Debug|Any CPU.ActiveCfg = Debug|Any CPU
		{D61803E3-96C0-4826-98D1-682B70517D89}.Debug|Any CPU.Build.0 = Debug|Any CPU
		{D61803E3-96C0-4826-98D1-682B70517D89}.Release|Any CPU.ActiveCfg = Release|Any CPU
		{D61803E3-96C0-4826-98D1-682B70517D89}.Release|Any CPU.Build.0 = Release|Any CPU
	EndGlobalSection
	GlobalSection(SolutionProperties) = preSolution
		HideSolutionNode = FALSE
	EndGlobalSection
	GlobalSection(ExtensibilityGlobals) = postSolution
		SolutionGuid = {D18C889C-D0F7-44BE-9B89-713D5948D041}
	EndGlobalSection
EndGlobal
