
Microsoft Visual Studio Solution File, Format Version 12.00
# Visual Studio Version 16
VisualStudioVersion = 16.0.29424.173
MinimumVisualStudioVersion = 10.0.40219.1
Project("{9A19103F-16F7-4668-BE54-9A1E7A4F7556}") = "CommingSoon", "CommingSoon\CommingSoon.csproj", "{BF16A30D-8486-4ACB-BE16-B8ED56B7EA1B}"
EndProject
Global
	GlobalSection(SolutionConfigurationPlatforms) = preSolution
		Debug|Any CPU = Debug|Any CPU
		Release|Any CPU = Release|Any CPU
	EndGlobalSection
	GlobalSection(ProjectConfigurationPlatforms) = postSolution
		{BF16A30D-8486-4ACB-BE16-B8ED56B7EA1B}.Debug|Any CPU.ActiveCfg = Debug|Any CPU
		{BF16A30D-8486-4ACB-BE16-B8ED56B7EA1B}.Debug|Any CPU.Build.0 = Debug|Any CPU
		{BF16A30D-8486-4ACB-BE16-B8ED56B7EA1B}.Release|Any CPU.ActiveCfg = Release|Any CPU
		{BF16A30D-8486-4ACB-BE16-B8ED56B7EA1B}.Release|Any CPU.Build.0 = Release|Any CPU
	EndGlobalSection
	GlobalSection(SolutionProperties) = preSolution
		HideSolutionNode = FALSE
	EndGlobalSection
	GlobalSection(ExtensibilityGlobals) = postSolution
		SolutionGuid = {D18C889C-D0F7-44BE-9B89-713D5948D041}
	EndGlobalSection
EndGlobal
